{
    "_readme": [
        "This file locks the dependencies of your project to a known state",
        "Read more about it at https://getcomposer.org/doc/01-basic-usage.md#installing-dependencies",
        "This file is @generated automatically"
    ],
    "content-hash": "94213ba220c9d9d2209e4b04a32a1190",
    "packages": [
        {
            "name": "hhvm/hhvm-autoload",
            "version": "v2.0.8",
            "source": {
                "type": "git",
                "url": "https://github.com/hhvm/hhvm-autoload.git",
                "reference": "b5c0fb858e554c9b36a349aab2775c3914c7b2bf"
            },
            "dist": {
                "type": "zip",
                "url": "https://api.github.com/repos/hhvm/hhvm-autoload/zipball/b5c0fb858e554c9b36a349aab2775c3914c7b2bf",
                "reference": "b5c0fb858e554c9b36a349aab2775c3914c7b2bf",
                "shasum": ""
            },
            "require": {
                "composer-plugin-api": "^1.0",
                "hhvm": "^4.5",
                "hhvm/hsl": "^4.0"
            },
            "replace": {
                "facebook/hhvm-autoload": "1.*"
            },
            "require-dev": {
                "facebook/fbexpect": "^2.1",
                "hhvm/hacktest": "^1.0"
            },
            "bin": [
                "bin/hh-autoload",
                "bin/hh-autoload.hack"
            ],
            "type": "composer-plugin",
            "extra": {
                "class": [
                    "Facebook\\AutoloadMap\\ComposerPlugin"
                ],
                "branch-alias": {
                    "dev-master": "2.x-dev"
                }
            },
            "autoload": {
                "classmap": [
                    "src/ComposerPlugin.php"
                ]
            },
            "notification-url": "https://packagist.org/downloads/",
            "time": "2019-08-28T15:08:11+00:00"
        },
        {
            "name": "hhvm/hsl",
            "version": "v4.15.2",
            "source": {
                "type": "git",
                "url": "https://github.com/hhvm/hsl.git",
                "reference": "669c0c4297bcfdff0f2af9a86ed730511fbc0a96"
            },
            "dist": {
                "type": "zip",
                "url": "https://api.github.com/repos/hhvm/hsl/zipball/669c0c4297bcfdff0f2af9a86ed730511fbc0a96",
                "reference": "669c0c4297bcfdff0f2af9a86ed730511fbc0a96",
                "shasum": ""
            },
            "require": {
                "hhvm": "^4.18"
            },
            "require-dev": {
                "facebook/fbexpect": "^2.5.1",
                "hhvm/hacktest": "^1.0",
                "hhvm/hhvm-autoload": "^2.0"
            },
            "type": "library",
            "extra": {
                "branch-alias": {
                    "dev-master": "4.x-dev"
                }
            },
            "notification-url": "https://packagist.org/downloads/",
            "license": [
                "MIT"
            ],
            "description": "The Hack Standard Library",
            "time": "2019-08-27T21:27:21+00:00"
        },
        {
            "name": "his/container",
            "version": "v0.1.0",
            "source": {
                "type": "git",
                "url": "https://github.com/hack-interface-standards/container.git",
                "reference": "d5a5e56029c42a0248a2c154dc8da2ac48a4d1b0"
            },
            "dist": {
                "type": "zip",
                "url": "https://api.github.com/repos/hack-interface-standards/container/zipball/d5a5e56029c42a0248a2c154dc8da2ac48a4d1b0",
                "reference": "d5a5e56029c42a0248a2c154dc8da2ac48a4d1b0",
                "shasum": ""
            },
            "require": {
                "hhvm": "^4.0",
                "hhvm/hhvm-autoload": "^2.0"
            },
            "type": "library",
            "extra": {
                "branch-alias": {
                    "dev-master": "1.0.x-dev"
                }
            },
            "notification-url": "https://packagist.org/downloads/",
            "license": [
                "MIT"
            ],
            "authors": [
                {
                    "name": "azjezz",
                    "email": "azjezz@protonmail.com"
                }
            ],
            "description": "Hack Standard Interface for Service Container.",
            "keywords": [
                "container",
                "container-interface",
                "container-interop",
                "hack",
                "hhvm",
                "his"
            ],
            "time": "2019-03-04T07:50:32+00:00"
        }
    ],
    "packages-dev": [
        {
            "name": "facebook/difflib",
            "version": "v1.2.0",
            "source": {
                "type": "git",
                "url": "https://github.com/hhvm/difflib.git",
                "reference": "b697c0ac436629c8cd9627ab31a60777431f72f6"
            },
            "dist": {
                "type": "zip",
                "url": "https://api.github.com/repos/hhvm/difflib/zipball/b697c0ac436629c8cd9627ab31a60777431f72f6",
                "reference": "b697c0ac436629c8cd9627ab31a60777431f72f6",
                "shasum": ""
            },
            "require": {
                "hhvm": "^4.8",
                "hhvm/hsl": "^4.0"
            },
            "require-dev": {
                "facebook/fbexpect": "^2.1.2",
                "hhvm/hacktest": "^1.0",
                "hhvm/hhast": "^4.0",
                "hhvm/hhvm-autoload": "^2.0"
            },
            "type": "library",
            "extra": {
                "branch-alias": {
                    "dev-master": "1.x-dev"
                }
            },
            "notification-url": "https://packagist.org/downloads/",
            "license": [
                "MIT"
            ],
            "time": "2019-07-22T20:15:27+00:00"
        },
        {
            "name": "facebook/fbexpect",
            "version": "v2.6.0",
            "source": {
                "type": "git",
                "url": "https://github.com/hhvm/fbexpect.git",
                "reference": "734f566f064c2ec923054b4104046d7a77dd291f"
            },
            "dist": {
                "type": "zip",
                "url": "https://api.github.com/repos/hhvm/fbexpect/zipball/734f566f064c2ec923054b4104046d7a77dd291f",
                "reference": "734f566f064c2ec923054b4104046d7a77dd291f",
                "shasum": ""
            },
            "require": {
                "facebook/difflib": "^1.0.0",
                "hhvm": "^4.13",
                "hhvm/hacktest": "^1.0",
                "hhvm/hsl": "^4.0"
            },
            "require-dev": {
                "hhvm/hhast": "^4.0",
                "hhvm/hhvm-autoload": "^2.0"
            },
            "type": "library",
            "notification-url": "https://packagist.org/downloads/",
            "license": [
                "MIT"
            ],
            "description": "Unit test helpers for Facebook projects",
            "time": "2019-07-12T22:12:09+00:00"
        },
        {
            "name": "facebook/hh-clilib",
            "version": "v2.2.0",
            "source": {
                "type": "git",
                "url": "https://github.com/hhvm/hh-clilib.git",
                "reference": "546265be7aa1d033f07f6b05e8c949703a0aa647"
            },
            "dist": {
                "type": "zip",
                "url": "https://api.github.com/repos/hhvm/hh-clilib/zipball/546265be7aa1d033f07f6b05e8c949703a0aa647",
                "reference": "546265be7aa1d033f07f6b05e8c949703a0aa647",
                "shasum": ""
            },
            "require": {
                "hhvm": "^4.13",
                "hhvm/hsl": "^4.0",
                "hhvm/hsl-experimental": "^4.0",
                "hhvm/type-assert": "^3.2"
            },
            "require-dev": {
                "facebook/fbexpect": "^2.1.0",
                "hhvm/hacktest": "^1.0.0",
                "hhvm/hhast": "^4.0.2"
            },
            "type": "library",
            "extra": {
                "branch-alias": {
                    "dev-master": "2.x-dev"
                }
            },
            "notification-url": "https://packagist.org/downloads/",
            "license": [
                "MIT"
            ],
            "time": "2019-07-18T18:35:31+00:00"
        },
        {
            "name": "hhvm/hacktest",
            "version": "v1.6.1",
            "source": {
                "type": "git",
                "url": "https://github.com/hhvm/hacktest.git",
                "reference": "72ab3990a6d4480d9f3a5be61c675b796d1d1314"
            },
            "dist": {
                "type": "zip",
                "url": "https://api.github.com/repos/hhvm/hacktest/zipball/72ab3990a6d4480d9f3a5be61c675b796d1d1314",
                "reference": "72ab3990a6d4480d9f3a5be61c675b796d1d1314",
                "shasum": ""
            },
            "require": {
                "facebook/hh-clilib": "^2.0.0",
                "hhvm": "^4.6",
                "hhvm/hhvm-autoload": "^2.0.2",
                "hhvm/hsl": "^4.0",
                "hhvm/type-assert": "^3.2"
            },
            "require-dev": {
                "facebook/fbexpect": "^2.3.0",
                "hhvm/hhast": "^4.0"
            },
            "bin": [
                "bin/hacktest",
                "bin/hacktest.hack"
            ],
            "type": "library",
            "extra": {
                "branch-alias": {
                    "dev-master": "1.x-dev"
                }
            },
            "notification-url": "https://packagist.org/downloads/",
            "license": [
                "MIT"
            ],
            "description": "The Hack Test Library",
            "time": "2019-07-18T18:28:33+00:00"
        },
        {
            "name": "hhvm/hhast",
            "version": "v4.21.4",
            "source": {
                "type": "git",
                "url": "https://github.com/hhvm/hhast.git",
                "reference": "09d84f00f050c9926d26579a4a48ff83c468bec9"
            },
            "dist": {
                "type": "zip",
                "url": "https://api.github.com/repos/hhvm/hhast/zipball/09d84f00f050c9926d26579a4a48ff83c468bec9",
                "reference": "09d84f00f050c9926d26579a4a48ff83c468bec9",
                "shasum": ""
            },
            "require": {
                "facebook/difflib": "^1.0.0",
                "facebook/hh-clilib": "^2.0.0",
                "hhvm": "^4.21",
                "hhvm/hhvm-autoload": "^2.0.4",
                "hhvm/hsl": "^4.0",
                "hhvm/hsl-experimental": "^4.5",
                "hhvm/type-assert": "^3.4"
            },
            "require-dev": {
                "facebook/fbexpect": "^2.1.1",
                "facebook/hack-codegen": "^4.0",
                "hhvm/hacktest": "^1.3"
            },
            "bin": [
                "bin/hhast-lint",
                "bin/hhast-lint.hack",
                "bin/hhast-inspect",
                "bin/hhast-inspect.hack",
                "bin/hhast-migrate",
                "bin/hhast-migrate.hack"
            ],
            "type": "library",
            "extra": {
                "branch-alias": {
                    "dev-master": "4.x-dev"
                }
            },
            "notification-url": "https://packagist.org/downloads/",
            "license": [
                "MIT"
            ],
            "time": "2019-09-06T17:17:00+00:00"
        },
        {
            "name": "hhvm/hsl-experimental",
            "version": "v4.7.0",
            "source": {
                "type": "git",
                "url": "https://github.com/hhvm/hsl-experimental.git",
                "reference": "c6d0f561b52b27e8ef245efabf12655a02d202cf"
            },
            "dist": {
                "type": "zip",
                "url": "https://api.github.com/repos/hhvm/hsl-experimental/zipball/c6d0f561b52b27e8ef245efabf12655a02d202cf",
                "reference": "c6d0f561b52b27e8ef245efabf12655a02d202cf",
                "shasum": ""
            },
            "require": {
                "hhvm": "^4.3",
                "hhvm/hsl": "^4.7"
            },
            "require-dev": {
                "facebook/fbexpect": "^2.0",
                "hhvm/hacktest": "^1.0",
                "hhvm/hhvm-autoload": "^2.0"
            },
            "type": "library",
            "extra": {
                "branch-alias": {
                    "dev-master": "4.x-dev"
                }
            },
            "notification-url": "https://packagist.org/downloads/",
            "license": [
                "MIT"
            ],
            "description": "The Hack Standard Library - Experimental Additions",
            "time": "2019-05-31T20:11:34+00:00"
        },
        {
            "name": "hhvm/type-assert",
            "version": "v3.6.2",
            "source": {
                "type": "git",
                "url": "https://github.com/hhvm/type-assert.git",
                "reference": "289c56e0fae26a4d36399dfa7aedbac959cf1b09"
            },
            "dist": {
                "type": "zip",
                "url": "https://api.github.com/repos/hhvm/type-assert/zipball/289c56e0fae26a4d36399dfa7aedbac959cf1b09",
                "reference": "289c56e0fae26a4d36399dfa7aedbac959cf1b09",
                "shasum": ""
            },
            "require": {
                "hhvm": "^4.17",
                "hhvm/hsl": "^4.0"
            },
            "require-dev": {
                "facebook/fbexpect": "^2.0.0",
                "hhvm/hacktest": "^1.0",
                "hhvm/hhast": "^4.0",
                "hhvm/hhvm-autoload": "^2.0"
            },
            "type": "library",
            "extra": {
                "branch-alias": {
                    "dev-master": "3.x-dev"
                }
            },
            "notification-url": "https://packagist.org/downloads/",
            "license": [
                "MIT"
            ],
            "description": "Convert untyped data to typed data",
            "keywords": [
                "TypeAssert",
                "hack"
            ],
            "time": "2019-08-23T20:56:23+00:00"
        }
    ],
    "aliases": [],
    "minimum-stability": "stable",
    "stability-flags": [],
    "prefer-stable": false,
    "prefer-lowest": false,
    "platform": {
        "hhvm": "^4.21"
    },
    "platform-dev": []
}
